
Microsoft Visual Studio Solution File, Format Version 12.00
# Visual Studio Version 16
VisualStudioVersion = 16.0.30114.105
MinimumVisualStudioVersion = 10.0.40219.1
Project("{FAE04EC0-301F-11D3-BF4B-00C04F79EFBC}") = "R5T.Tamsog.Types", "R5T.Tamsog.Types\R5T.Tamsog.Types.csproj", "{81B0AE5C-C7CD-4245-8A2A-8D9D6D6DF392}"
EndProject
Project("{FAE04EC0-301F-11D3-BF4B-00C04F79EFBC}") = "R5T.Tamsog.Types.Construction", "R5T.Tamsog.Types.Construction\R5T.Tamsog.Types.Construction.csproj", "{A49921AD-B41C-4DC1-90EA-12BA7100FB68}"
EndProject
Project("{FAE04EC0-301F-11D3-BF4B-00C04F79EFBC}") = "R5T.Tamsog.Types.Testing", "R5T.Tamsog.Types.Testing\R5T.Tamsog.Types.Testing.csproj", "{7A2A05BB-9ED7-46FC-977D-E959B7E905B0}"
EndProject
Global
	GlobalSection(SolutionConfigurationPlatforms) = preSolution
		Debug|Any CPU = Debug|Any CPU
		Debug|x64 = Debug|x64
		Debug|x86 = Debug|x86
		Release|Any CPU = Release|Any CPU
		Release|x64 = Release|x64
		Release|x86 = Release|x86
	EndGlobalSection
	GlobalSection(SolutionProperties) = preSolution
		HideSolutionNode = FALSE
	EndGlobalSection
	GlobalSection(ProjectConfigurationPlatforms) = postSolution
		{81B0AE5C-C7CD-4245-8A2A-8D9D6D6DF392}.Debug|Any CPU.ActiveCfg = Debug|Any CPU
		{81B0AE5C-C7CD-4245-8A2A-8D9D6D6DF392}.Debug|Any CPU.Build.0 = Debug|Any CPU
		{81B0AE5C-C7CD-4245-8A2A-8D9D6D6DF392}.Debug|x64.ActiveCfg = Debug|Any CPU
		{81B0AE5C-C7CD-4245-8A2A-8D9D6D6DF392}.Debug|x64.Build.0 = Debug|Any CPU
		{81B0AE5C-C7CD-4245-8A2A-8D9D6D6DF392}.Debug|x86.ActiveCfg = Debug|Any CPU
		{81B0AE5C-C7CD-4245-8A2A-8D9D6D6DF392}.Debug|x86.Build.0 = Debug|Any CPU
		{81B0AE5C-C7CD-4245-8A2A-8D9D6D6DF392}.Release|Any CPU.ActiveCfg = Release|Any CPU
		{81B0AE5C-C7CD-4245-8A2A-8D9D6D6DF392}.Release|Any CPU.Build.0 = Release|Any CPU
		{81B0AE5C-C7CD-4245-8A2A-8D9D6D6DF392}.Release|x64.ActiveCfg = Release|Any CPU
		{81B0AE5C-C7CD-4245-8A2A-8D9D6D6DF392}.Release|x64.Build.0 = Release|Any CPU
		{81B0AE5C-C7CD-4245-8A2A-8D9D6D6DF392}.Release|x86.ActiveCfg = Release|Any CPU
		{81B0AE5C-C7CD-4245-8A2A-8D9D6D6DF392}.Release|x86.Build.0 = Release|Any CPU
		{A49921AD-B41C-4DC1-90EA-12BA7100FB68}.Debug|Any CPU.ActiveCfg = Debug|Any CPU
		{A49921AD-B41C-4DC1-90EA-12BA7100FB68}.Debug|Any CPU.Build.0 = Debug|Any CPU
		{A49921AD-B41C-4DC1-90EA-12BA7100FB68}.Debug|x64.ActiveCfg = Debug|Any CPU
		{A49921AD-B41C-4DC1-90EA-12BA7100FB68}.Debug|x64.Build.0 = Debug|Any CPU
		{A49921AD-B41C-4DC1-90EA-12BA7100FB68}.Debug|x86.ActiveCfg = Debug|Any CPU
		{A49921AD-B41C-4DC1-90EA-12BA7100FB68}.Debug|x86.Build.0 = Debug|Any CPU
		{A49921AD-B41C-4DC1-90EA-12BA7100FB68}.Release|Any CPU.ActiveCfg = Release|Any CPU
		{A49921AD-B41C-4DC1-90EA-12BA7100FB68}.Release|Any CPU.Build.0 = Release|Any CPU
		{A49921AD-B41C-4DC1-90EA-12BA7100FB68}.Release|x64.ActiveCfg = Release|Any CPU
		{A49921AD-B41C-4DC1-90EA-12BA7100FB68}.Release|x64.Build.0 = Release|Any CPU
		{A49921AD-B41C-4DC1-90EA-12BA7100FB68}.Release|x86.ActiveCfg = Release|Any CPU
		{A49921AD-B41C-4DC1-90EA-12BA7100FB68}.Release|x86.Build.0 = Release|Any CPU
		{7A2A05BB-9ED7-46FC-977D-E959B7E905B0}.Debug|Any CPU.ActiveCfg = Debug|Any CPU
		{7A2A05BB-9ED7-46FC-977D-E959B7E905B0}.Debug|Any CPU.Build.0 = Debug|Any CPU
		{7A2A05BB-9ED7-46FC-977D-E959B7E905B0}.Debug|x64.ActiveCfg = Debug|Any CPU
		{7A2A05BB-9ED7-46FC-977D-E959B7E905B0}.Debug|x64.Build.0 = Debug|Any CPU
		{7A2A05BB-9ED7-46FC-977D-E959B7E905B0}.Debug|x86.ActiveCfg = Debug|Any CPU
		{7A2A05BB-9ED7-46FC-977D-E959B7E905B0}.Debug|x86.Build.0 = Debug|Any CPU
		{7A2A05BB-9ED7-46FC-977D-E959B7E905B0}.Release|Any CPU.ActiveCfg = Release|Any CPU
		{7A2A05BB-9ED7-46FC-977D-E959B7E905B0}.Release|Any CPU.Build.0 = Release|Any CPU
		{7A2A05BB-9ED7-46FC-977D-E959B7E905B0}.Release|x64.ActiveCfg = Release|Any CPU
		{7A2A05BB-9ED7-46FC-977D-E959B7E905B0}.Release|x64.Build.0 = Release|Any CPU
		{7A2A05BB-9ED7-46FC-977D-E959B7E905B0}.Release|x86.ActiveCfg = Release|Any CPU
		{7A2A05BB-9ED7-46FC-977D-E959B7E905B0}.Release|x86.Build.0 = Release|Any CPU
	EndGlobalSection
EndGlobal
